
Microsoft Visual Studio Solution File, Format Version 12.00
# Visual Studio Version 17
VisualStudioVersion = 17.6.33723.286
MinimumVisualStudioVersion = 10.0.40219.1
Project("{FAE04EC0-301F-11D3-BF4B-00C04F79EFBC}") = "operadorRelacional", "operadorRelacional\operadorRelacional.csproj", "{D22AEC4B-40A1-4795-862F-09C82F67D0A8}"
EndProject
Global
	GlobalSection(SolutionConfigurationPlatforms) = preSolution
		Debug|Any CPU = Debug|Any CPU
		Release|Any CPU = Release|Any CPU
	EndGlobalSection
	GlobalSection(ProjectConfigurationPlatforms) = postSolution
		{D22AEC4B-40A1-4795-862F-09C82F67D0A8}.Debug|Any CPU.ActiveCfg = Debug|Any CPU
		{D22AEC4B-40A1-4795-862F-09C82F67D0A8}.Debug|Any CPU.Build.0 = Debug|Any CPU
		{D22AEC4B-40A1-4795-862F-09C82F67D0A8}.Release|Any CPU.ActiveCfg = Release|Any CPU
		{D22AEC4B-40A1-4795-862F-09C82F67D0A8}.Release|Any CPU.Build.0 = Release|Any CPU
	EndGlobalSection
	GlobalSection(SolutionProperties) = preSolution
		HideSolutionNode = FALSE
	EndGlobalSection
	GlobalSection(ExtensibilityGlobals) = postSolution
		SolutionGuid = {1B91E96D-5F3B-4174-AE22-A6F8F3C6F016}
	EndGlobalSection
EndGlobal
